
Microsoft Visual Studio Solution File, Format Version 12.00
# Visual Studio Version 17
VisualStudioVersion = 17.13.35825.156 d17.13
MinimumVisualStudioVersion = 10.0.40219.1
Project("{FAE04EC0-301F-11D3-BF4B-00C04F79EFBC}") = "Airline Reservation Console System_Project2", "Airline Reservation Console System_Project2.csproj", "{87BF4288-140A-47D8-BDCC-5C14AD62B5AD}"
EndProject
Global
	GlobalSection(SolutionConfigurationPlatforms) = preSolution
		Debug|Any CPU = Debug|Any CPU
		Release|Any CPU = Release|Any CPU
	EndGlobalSection
	GlobalSection(ProjectConfigurationPlatforms) = postSolution
		{87BF4288-140A-47D8-BDCC-5C14AD62B5AD}.Debug|Any CPU.ActiveCfg = Debug|Any CPU
		{87BF4288-140A-47D8-BDCC-5C14AD62B5AD}.Debug|Any CPU.Build.0 = Debug|Any CPU
		{87BF4288-140A-47D8-BDCC-5C14AD62B5AD}.Release|Any CPU.ActiveCfg = Release|Any CPU
		{87BF4288-140A-47D8-BDCC-5C14AD62B5AD}.Release|Any CPU.Build.0 = Release|Any CPU
	EndGlobalSection
	GlobalSection(SolutionProperties) = preSolution
		HideSolutionNode = FALSE
	EndGlobalSection
	GlobalSection(ExtensibilityGlobals) = postSolution
		SolutionGuid = {166C1B52-FFE2-42D9-B03A-4589BB075E43}
	EndGlobalSection
EndGlobal
